
Microsoft Visual Studio Solution File, Format Version 12.00
# Visual Studio Version 17
VisualStudioVersion = 17.14.36414.22 d17.14
MinimumVisualStudioVersion = 10.0.40219.1
Project("{FAE04EC0-301F-11D3-BF4B-00C04F79EFBC}") = "TestTaskForAAN", "TestTaskForAAN\TestTaskForAAN.csproj", "{B9F8E36E-D863-1132-B17C-8E45502DD7A8}"
EndProject
Project("{FAE04EC0-301F-11D3-BF4B-00C04F79EFBC}") = "TestTaskForAAN.AppHost", "TestTaskForAAN.AppHost\TestTaskForAAN.AppHost.csproj", "{A0932C27-8BAE-45BF-8DAE-8B6391925755}"
EndProject
Project("{FAE04EC0-301F-11D3-BF4B-00C04F79EFBC}") = "TestTaskForAAN.ServiceDefaults", "TestTaskForAAN.ServiceDefaults\TestTaskForAAN.ServiceDefaults.csproj", "{AC2FC45C-354C-776D-4D4A-4DB5BD2B2AB3}"
EndProject
Global
	GlobalSection(SolutionConfigurationPlatforms) = preSolution
		Debug|Any CPU = Debug|Any CPU
		Release|Any CPU = Release|Any CPU
	EndGlobalSection
	GlobalSection(ProjectConfigurationPlatforms) = postSolution
		{B9F8E36E-D863-1132-B17C-8E45502DD7A8}.Debug|Any CPU.ActiveCfg = Debug|Any CPU
		{B9F8E36E-D863-1132-B17C-8E45502DD7A8}.Debug|Any CPU.Build.0 = Debug|Any CPU
		{B9F8E36E-D863-1132-B17C-8E45502DD7A8}.Release|Any CPU.ActiveCfg = Release|Any CPU
		{B9F8E36E-D863-1132-B17C-8E45502DD7A8}.Release|Any CPU.Build.0 = Release|Any CPU
		{A0932C27-8BAE-45BF-8DAE-8B6391925755}.Debug|Any CPU.ActiveCfg = Debug|Any CPU
		{A0932C27-8BAE-45BF-8DAE-8B6391925755}.Debug|Any CPU.Build.0 = Debug|Any CPU
		{A0932C27-8BAE-45BF-8DAE-8B6391925755}.Release|Any CPU.ActiveCfg = Release|Any CPU
		{A0932C27-8BAE-45BF-8DAE-8B6391925755}.Release|Any CPU.Build.0 = Release|Any CPU
		{AC2FC45C-354C-776D-4D4A-4DB5BD2B2AB3}.Debug|Any CPU.ActiveCfg = Debug|Any CPU
		{AC2FC45C-354C-776D-4D4A-4DB5BD2B2AB3}.Debug|Any CPU.Build.0 = Debug|Any CPU
		{AC2FC45C-354C-776D-4D4A-4DB5BD2B2AB3}.Release|Any CPU.ActiveCfg = Release|Any CPU
		{AC2FC45C-354C-776D-4D4A-4DB5BD2B2AB3}.Release|Any CPU.Build.0 = Release|Any CPU
	EndGlobalSection
	GlobalSection(SolutionProperties) = preSolution
		HideSolutionNode = FALSE
	EndGlobalSection
	GlobalSection(ExtensibilityGlobals) = postSolution
		SolutionGuid = {46169707-19D2-4E8A-B415-0E6E7BA692B0}
	EndGlobalSection
EndGlobal
